// !$*UTF8*$!
{
	archiveVersion = 1;
	classes = {
	};
	objectVersion = 50;
	objects = {

/* Begin PBXBuildFile section */
		70892A9223B5949E00EEAC94 /* AppDelegate.swift in Sources */ = {isa = PBXBuildFile; fileRef = 70892A9123B5949E00EEAC94 /* AppDelegate.swift */; };
		70892A9423B5949E00EEAC94 /* SceneDelegate.swift in Sources */ = {isa = PBXBuildFile; fileRef = 70892A9323B5949E00EEAC94 /* SceneDelegate.swift */; };
		70892A9623B5949E00EEAC94 /* ViewController.swift in Sources */ = {isa = PBXBuildFile; fileRef = 70892A9523B5949E00EEAC94 /* ViewController.swift */; };
		70892A9923B5949E00EEAC94 /* Main.storyboard in Resources */ = {isa = PBXBuildFile; fileRef = 70892A9723B5949E00EEAC94 /* Main.storyboard */; };
		70892A9B23B594A500EEAC94 /* Assets.xcassets in Resources */ = {isa = PBXBuildFile; fileRef = 70892A9A23B594A500EEAC94 /* Assets.xcassets */; };
		70892A9E23B594A500EEAC94 /* LaunchScreen.storyboard in Resources */ = {isa = PBXBuildFile; fileRef = 70892A9C23B594A500EEAC94 /* LaunchScreen.storyboard */; };
		70892AA923B594A600EEAC94 /* ParstagramTests.swift in Sources */ = {isa = PBXBuildFile; fileRef = 70892AA823B594A600EEAC94 /* ParstagramTests.swift */; };
		70892AB423B594A600EEAC94 /* ParstagramUITests.swift in Sources */ = {isa = PBXBuildFile; fileRef = 70892AB323B594A600EEAC94 /* ParstagramUITests.swift */; };
/* End PBXBuildFile section */

/* Begin PBXContainerItemProxy section */
		70892AA523B594A600EEAC94 /* PBXContainerItemProxy */ = {
			isa = PBXContainerItemProxy;
			containerPortal = 70892A8623B5949E00EEAC94 /* Project object */;
			proxyType = 1;
			remoteGlobalIDString = 70892A8D23B5949E00EEAC94;
			remoteInfo = Parstagram;
		};
		70892AB023B594A600EEAC94 /* PBXContainerItemProxy */ = {
			isa = PBXContainerItemProxy;
			containerPortal = 70892A8623B5949E00EEAC94 /* Project object */;
			proxyType = 1;
			remoteGlobalIDString = 70892A8D23B5949E00EEAC94;
			remoteInfo = Parstagram;
		};
/* End PBXContainerItemProxy section */

/* Begin PBXFileReference section */
		70892A8E23B5949E00EEAC94 /* Parstagram.app */ = {isa = PBXFileReference; explicitFileType = wrapper.application; includeInIndex = 0; path = Parstagram.app; sourceTree = BUILT_PRODUCTS_DIR; };
		70892A9123B5949E00EEAC94 /* AppDelegate.swift */ = {isa = PBXFileReference; lastKnownFileType = sourcecode.swift; path = AppDelegate.swift; sourceTree = "<group>"; };
		70892A9323B5949E00EEAC94 /* SceneDelegate.swift */ = {isa = PBXFileReference; lastKnownFileType = sourcecode.swift; path = SceneDelegate.swift; sourceTree = "<group>"; };
		70892A9523B5949E00EEAC94 /* ViewController.swift */ = {isa = PBXFileReference; lastKnownFileType = sourcecode.swift; path = ViewController.swift; sourceTree = "<group>"; };
		70892A9823B5949E00EEAC94 /* Base */ = {isa = PBXFileReference; lastKnownFileType = file.storyboard; name = Base; path = Base.lproj/Main.storyboard; sourceTree = "<group>"; };
		70892A9A23B594A500EEAC94 /* Assets.xcassets */ = {isa = PBXFileReference; lastKnownFileType = folder.assetcatalog; path = Assets.xcassets; sourceTree = "<group>"; };
		70892A9D23B594A500EEAC94 /* Base */ = {isa = PBXFileReference; lastKnownFileType = file.storyboard; name = Base; path = Base.lproj/LaunchScreen.storyboard; sourceTree = "<group>"; };
		70892A9F23B594A500EEAC94 /* Info.plist */ = {isa = PBXFileReference; lastKnownFileType = text.plist.xml; path = Info.plist; sourceTree = "<group>"; };
		70892AA423B594A600EEAC94 /* ParstagramTests.xctest */ = {isa = PBXFileReference; explicitFileType = wrapper.cfbundle; includeInIndex = 0; path = ParstagramTests.xctest; sourceTree = BUILT_PRODUCTS_DIR; };
		70892AA823B594A600EEAC94 /* ParstagramTests.swift */ = {isa = PBXFileReference; lastKnownFileType = sourcecode.swift; path = ParstagramTests.swift; sourceTree = "<group>"; };
		70892AAA23B594A600EEAC94 /* Info.plist */ = {isa = PBXFileReference; lastKnownFileType = text.plist.xml; path = Info.plist; sourceTree = "<group>"; };
		70892AAF23B594A600EEAC94 /* ParstagramUITests.xctest */ = {isa = PBXFileReference; explicitFileType = wrapper.cfbundle; includeInIndex = 0; path = ParstagramUITests.xctest; sourceTree = BUILT_PRODUCTS_DIR; };
		70892AB323B594A600EEAC94 /* ParstagramUITests.swift */ = {isa = PBXFileReference; lastKnownFileType = sourcecode.swift; path = ParstagramUITests.swift; sourceTree = "<group>"; };
		70892AB523B594A600EEAC94 /* Info.plist */ = {isa = PBXFileReference; lastKnownFileType = text.plist.xml; path = Info.plist; sourceTree = "<group>"; };
/* End PBXFileReference section */

/* Begin PBXFrameworksBuildPhase section */
		70892A8B23B5949E00EEAC94 /* Frameworks */ = {
			isa = PBXFrameworksBuildPhase;
			buildActionMask = 2147483647;
			files = (
			);
			runOnlyForDeploymentPostprocessing = 0;
		};
		70892AA123B594A600EEAC94 /* Frameworks */ = {
			isa = PBXFrameworksBuildPhase;
			buildActionMask = 2147483647;
			files = (
			);
			runOnlyForDeploymentPostprocessing = 0;
		};
		70892AAC23B594A600EEAC94 /* Frameworks */ = {
			isa = PBXFrameworksBuildPhase;
			buildActionMask = 2147483647;
			files = (
			);
			runOnlyForDeploymentPostprocessing = 0;
		};
/* End PBXFrameworksBuildPhase section */

/* Begin PBXGroup section */
		70892A8523B5949E00EEAC94 = {
			isa = PBXGroup;
			children = (
				70892A9023B5949E00EEAC94 /* Parstagram */,
				70892AA723B594A600EEAC94 /* ParstagramTests */,
				70892AB223B594A600EEAC94 /* ParstagramUITests */,
				70892A8F23B5949E00EEAC94 /* Products */,
			);
			sourceTree = "<group>";
		};
		70892A8F23B5949E00EEAC94 /* Products */ = {
			isa = PBXGroup;
			children = (
				70892A8E23B5949E00EEAC94 /* Parstagram.app */,
				70892AA423B594A600EEAC94 /* ParstagramTests.xctest */,
				70892AAF23B594A600EEAC94 /* ParstagramUITests.xctest */,
			);
			name = Products;
			sourceTree = "<group>";
		};
		70892A9023B5949E00EEAC94 /* Parstagram */ = {
			isa = PBXGroup;
			children = (
				70892A9123B5949E00EEAC94 /* AppDelegate.swift */,
				70892A9323B5949E00EEAC94 /* SceneDelegate.swift */,
				70892A9523B5949E00EEAC94 /* ViewController.swift */,
				70892A9723B5949E00EEAC94 /* Main.storyboard */,
				70892A9A23B594A500EEAC94 /* Assets.xcassets */,
				70892A9C23B594A500EEAC94 /* LaunchScreen.storyboard */,
				70892A9F23B594A500EEAC94 /* Info.plist */,
			);
			path = Parstagram;
			sourceTree = "<group>";
		};
		70892AA723B594A600EEAC94 /* ParstagramTests */ = {
			isa = PBXGroup;
			children = (
				70892AA823B594A600EEAC94 /* ParstagramTests.swift */,
				70892AAA23B594A600EEAC94 /* Info.plist */,
			);
			path = ParstagramTests;
			sourceTree = "<group>";
		};
		70892AB223B594A600EEAC94 /* ParstagramUITests */ = {
			isa = PBXGroup;
			children = (
				70892AB323B594A600EEAC94 /* ParstagramUITests.swift */,
				70892AB523B594A600EEAC94 /* Info.plist */,
			);
			path = ParstagramUITests;
			sourceTree = "<group>";
		};
/* End PBXGroup section */

/* Begin PBXNativeTarget section */
		70892A8D23B5949E00EEAC94 /* Parstagram */ = {
			isa = PBXNativeTarget;
			buildConfigurationList = 70892AB823B594A600EEAC94 /* Build configuration list for PBXNativeTarget "Parstagram" */;
			buildPhases = (
				70892A8A23B5949E00EEAC94 /* Sources */,
				70892A8B23B5949E00EEAC94 /* Frameworks */,
				70892A8C23B5949E00EEAC94 /* Resources */,
			);
			buildRules = (
			);
			dependencies = (
			);
			name = Parstagram;
			productName = Parstagram;
			productReference = 70892A8E23B5949E00EEAC94 /* Parstagram.app */;
			productType = "com.apple.product-type.application";
		};
		70892AA323B594A600EEAC94 /* ParstagramTests */ = {
			isa = PBXNativeTarget;
			buildConfigurationList = 70892ABB23B594A600EEAC94 /* Build configuration list for PBXNativeTarget "ParstagramTests" */;
			buildPhases = (
				70892AA023B594A600EEAC94 /* Sources */,
				70892AA123B594A600EEAC94 /* Frameworks */,
				70892AA223B594A600EEAC94 /* Resources */,
			);
			buildRules = (
			);
			dependencies = (
				70892AA623B594A600EEAC94 /* PBXTargetDependency */,
			);
			name = ParstagramTests;
			productName = ParstagramTests;
			productReference = 70892AA423B594A600EEAC94 /* ParstagramTests.xctest */;
			productType = "com.apple.product-type.bundle.unit-test";
		};
		70892AAE23B594A600EEAC94 /* ParstagramUITests */ = {
			isa = PBXNativeTarget;
			buildConfigurationList = 70892ABE23B594A600EEAC94 /* Build configuration list for PBXNativeTarget "ParstagramUITests" */;
			buildPhases = (
				70892AAB23B594A600EEAC94 /* Sources */,
				70892AAC23B594A600EEAC94 /* Frameworks */,
				70892AAD23B594A600EEAC94 /* Resources */,
			);
			buildRules = (
			);
			dependencies = (
				70892AB123B594A600EEAC94 /* PBXTargetDependency */,
			);
			name = ParstagramUITests;
			productName = ParstagramUITests;
			productReference = 70892AAF23B594A600EEAC94 /* ParstagramUITests.xctest */;
			productType = "com.apple.product-type.bundle.ui-testing";
		};
/* End PBXNativeTarget section */

/* Begin PBXProject section */
		70892A8623B5949E00EEAC94 /* Project object */ = {
			isa = PBXProject;
			attributes = {
				LastSwiftUpdateCheck = 1130;
				LastUpgradeCheck = 1130;
				ORGANIZATIONNAME = "Mark Falcone";
				TargetAttributes = {
					70892A8D23B5949E00EEAC94 = {
						CreatedOnToolsVersion = 11.3;
					};
					70892AA323B594A600EEAC94 = {
						CreatedOnToolsVersion = 11.3;
						TestTargetID = 70892A8D23B5949E00EEAC94;
					};
					70892AAE23B594A600EEAC94 = {
						CreatedOnToolsVersion = 11.3;
						TestTargetID = 70892A8D23B5949E00EEAC94;
					};
				};
			};
			buildConfigurationList = 70892A8923B5949E00EEAC94 /* Build configuration list for PBXProject "Parstagram" */;
			compatibilityVersion = "Xcode 9.3";
			developmentRegion = en;
			hasScannedForEncodings = 0;
			knownRegions = (
				en,
				Base,
			);
			mainGroup = 70892A8523B5949E00EEAC94;
			productRefGroup = 70892A8F23B5949E00EEAC94 /* Products */;
			projectDirPath = "";
			projectRoot = "";
			targets = (
				70892A8D23B5949E00EEAC94 /* Parstagram */,
				70892AA323B594A600EEAC94 /* ParstagramTests */,
				70892AAE23B594A600EEAC94 /* ParstagramUITests */,
			);
		};
/* End PBXProject section */

/* Begin PBXResourcesBuildPhase section */
		70892A8C23B5949E00EEAC94 /* Resources */ = {
			isa = PBXResourcesBuildPhase;
			buildActionMask = 2147483647;
			files = (
				70892A9E23B594A500EEAC94 /* LaunchScreen.storyboard in Resources */,
				70892A9B23B594A500EEAC94 /* Assets.xcassets in Resources */,
				70892A9923B5949E00EEAC94 /* Main.storyboard in Resources */,
			);
			runOnlyForDeploymentPostprocessing = 0;
		};
		70892AA223B594A600EEAC94 /* Resources */ = {
			isa = PBXResourcesBuildPhase;
			buildActionMask = 2147483647;
			files = (
			);
			runOnlyForDeploymentPostprocessing = 0;
		};
		70892AAD23B594A600EEAC94 /* Resources */ = {
			isa = PBXResourcesBuildPhase;
			buildActionMask = 2147483647;
			files = (
			);
			runOnlyForDeploymentPostprocessing = 0;
		};
/* End PBXResourcesBuildPhase section */

/* Begin PBXSourcesBuildPhase section */
		70892A8A23B5949E00EEAC94 /* Sources */ = {
			isa = PBXSourcesBuildPhase;
			buildActionMask = 2147483647;
			files = (
				70892A9623B5949E00EEAC94 /* ViewController.swift in Sources */,
				70892A9223B5949E00EEAC94 /* AppDelegate.swift in Sources */,
				70892A9423B5949E00EEAC94 /* SceneDelegate.swift in Sources */,
			);
			runOnlyForDeploymentPostprocessing = 0;
		};
		70892AA023B594A600EEAC94 /* Sources */ = {
			isa = PBXSourcesBuildPhase;
			buildActionMask = 2147483647;
			files = (
				70892AA923B594A600EEAC94 /* ParstagramTests.swift in Sources */,
			);
			runOnlyForDeploymentPostprocessing = 0;
		};
		70892AAB23B594A600EEAC94 /* Sources */ = {
			isa = PBXSourcesBuildPhase;
			buildActionMask = 2147483647;
			files = (
				70892AB423B594A600EEAC94 /* ParstagramUITests.swift in Sources */,
			);
			runOnlyForDeploymentPostprocessing = 0;
		};
/* End PBXSourcesBuildPhase section */

/* Begin PBXTargetDependency section */
		70892AA623B594A600EEAC94 /* PBXTargetDependency */ = {
			isa = PBXTargetDependency;
			target = 70892A8D23B5949E00EEAC94 /* Parstagram */;
			targetProxy = 70892AA523B594A600EEAC94 /* PBXContainerItemProxy */;
		};
		70892AB123B594A600EEAC94 /* PBXTargetDependency */ = {
			isa = PBXTargetDependency;
			target = 70892A8D23B5949E00EEAC94 /* Parstagram */;
			targetProxy = 70892AB023B594A600EEAC94 /* PBXContainerItemProxy */;
		};
/* End PBXTargetDependency section */

/* Begin PBXVariantGroup section */
		70892A9723B5949E00EEAC94 /* Main.storyboard */ = {
			isa = PBXVariantGroup;
			children = (
				70892A9823B5949E00EEAC94 /* Base */,
			);
			name = Main.storyboard;
			sourceTree = "<group>";
		};
		70892A9C23B594A500EEAC94 /* LaunchScreen.storyboard */ = {
			isa = PBXVariantGroup;
			children = (
				70892A9D23B594A500EEAC94 /* Base */,
			);
			name = LaunchScreen.storyboard;
			sourceTree = "<group>";
		};
/* End PBXVariantGroup section */

/* Begin XCBuildConfiguration section */
		70892AB623B594A600EEAC94 /* Debug */ = {
			isa = XCBuildConfiguration;
			buildSettings = {
				ALWAYS_SEARCH_USER_PATHS = NO;
				CLANG_ANALYZER_NONNULL = YES;
				CLANG_ANALYZER_NUMBER_OBJECT_CONVERSION = YES_AGGRESSIVE;
				CLANG_CXX_LANGUAGE_STANDARD = "gnu++14";
				CLANG_CXX_LIBRARY = "libc++";
				CLANG_ENABLE_MODULES = YES;
				CLANG_ENABLE_OBJC_ARC = YES;
				CLANG_ENABLE_OBJC_WEAK = YES;
				CLANG_WARN_BLOCK_CAPTURE_AUTORELEASING = YES;
				CLANG_WARN_BOOL_CONVERSION = YES;
				CLANG_WARN_COMMA = YES;
				CLANG_WARN_CONSTANT_CONVERSION = YES;
				CLANG_WARN_DEPRECATED_OBJC_IMPLEMENTATIONS = YES;
				CLANG_WARN_DIRECT_OBJC_ISA_USAGE = YES_ERROR;
				CLANG_WARN_DOCUMENTATION_COMMENTS = YES;
				CLANG_WARN_EMPTY_BODY = YES;
				CLANG_WARN_ENUM_CONVERSION = YES;
				CLANG_WARN_INFINITE_RECURSION = YES;
				CLANG_WARN_INT_CONVERSION = YES;
				CLANG_WARN_NON_LITERAL_NULL_CONVERSION = YES;
				CLANG_WARN_OBJC_IMPLICIT_RETAIN_SELF = YES;
				CLANG_WARN_OBJC_LITERAL_CONVERSION = YES;
				CLANG_WARN_OBJC_ROOT_CLASS = YES_ERROR;
				CLANG_WARN_RANGE_LOOP_ANALYSIS = YES;
				CLANG_WARN_STRICT_PROTOTYPES = YES;
				CLANG_WARN_SUSPICIOUS_MOVE = YES;
				CLANG_WARN_UNGUARDED_AVAILABILITY = YES_AGGRESSIVE;
				CLANG_WARN_UNREACHABLE_CODE = YES;
				CLANG_WARN__DUPLICATE_METHOD_MATCH = YES;
				COPY_PHASE_STRIP = NO;
				DEBUG_INFORMATION_FORMAT = dwarf;
				ENABLE_STRICT_OBJC_MSGSEND = YES;
				ENABLE_TESTABILITY = YES;
				GCC_C_LANGUAGE_STANDARD = gnu11;
				GCC_DYNAMIC_NO_PIC = NO;
				GCC_NO_COMMON_BLOCKS = YES;
				GCC_OPTIMIZATION_LEVEL = 0;
				GCC_PREPROCESSOR_DEFINITIONS = (
					"DEBUG=1",
					"$(inherited)",
				);
				GCC_WARN_64_TO_32_BIT_CONVERSION = YES;
				GCC_WARN_ABOUT_RETURN_TYPE = YES_ERROR;
				GCC_WARN_UNDECLARED_SELECTOR = YES;
				GCC_WARN_UNINITIALIZED_AUTOS = YES_AGGRESSIVE;
				GCC_WARN_UNUSED_FUNCTION = YES;
				GCC_WARN_UNUSED_VARIABLE = YES;
				IPHONEOS_DEPLOYMENT_TARGET = 13.2;
				MTL_ENABLE_DEBUG_INFO = INCLUDE_SOURCE;
				MTL_FAST_MATH = YES;
				ONLY_ACTIVE_ARCH = YES;
				SDKROOT = iphoneos;
				SWIFT_ACTIVE_COMPILATION_CONDITIONS = DEBUG;
				SWIFT_OPTIMIZATION_LEVEL = "-Onone";
			};
			name = Debug;
		};
		70892AB723B594A600EEAC94 /* Release */ = {
			isa = XCBuildConfiguration;
			buildSettings = {
				ALWAYS_SEARCH_USER_PATHS = NO;
				CLANG_ANALYZER_NONNULL = YES;
				CLANG_ANALYZER_NUMBER_OBJECT_CONVERSION = YES_AGGRESSIVE;
				CLANG_CXX_LANGUAGE_STANDARD = "gnu++14";
				CLANG_CXX_LIBRARY = "libc++";
				CLANG_ENABLE_MODULES = YES;
				CLANG_ENABLE_OBJC_ARC = YES;
				CLANG_ENABLE_OBJC_WEAK = YES;
				CLANG_WARN_BLOCK_CAPTURE_AUTORELEASING = YES;
				CLANG_WARN_BOOL_CONVERSION = YES;
				CLANG_WARN_COMMA = YES;
				CLANG_WARN_CONSTANT_CONVERSION = YES;
				CLANG_WARN_DEPRECATED_OBJC_IMPLEMENTATIONS = YES;
				CLANG_WARN_DIRECT_OBJC_ISA_USAGE = YES_ERROR;
				CLANG_WARN_DOCUMENTATION_COMMENTS = YES;
				CLANG_WARN_EMPTY_BODY = YES;
				CLANG_WARN_ENUM_CONVERSION = YES;
				CLANG_WARN_INFINITE_RECURSION = YES;
				CLANG_WARN_INT_CONVERSION = YES;
				CLANG_WARN_NON_LITERAL_NULL_CONVERSION = YES;
				CLANG_WARN_OBJC_IMPLICIT_RETAIN_SELF = YES;
				CLANG_WARN_OBJC_LITERAL_CONVERSION = YES;
				CLANG_WARN_OBJC_ROOT_CLASS = YES_ERROR;
				CLANG_WARN_RANGE_LOOP_ANALYSIS = YES;
				CLANG_WARN_STRICT_PROTOTYPES = YES;
				CLANG_WARN_SUSPICIOUS_MOVE = YES;
				CLANG_WARN_UNGUARDED_AVAILABILITY = YES_AGGRESSIVE;
				CLANG_WARN_UNREACHABLE_CODE = YES;
				CLANG_WARN__DUPLICATE_METHOD_MATCH = YES;
				COPY_PHASE_STRIP = NO;
				DEBUG_INFORMATION_FORMAT = "dwarf-with-dsym";
				ENABLE_NS_ASSERTIONS = NO;
				ENABLE_STRICT_OBJC_MSGSEND = YES;
				GCC_C_LANGUAGE_STANDARD = gnu11;
				GCC_NO_COMMON_BLOCKS = YES;
				GCC_WARN_64_TO_32_BIT_CONVERSION = YES;
				GCC_WARN_ABOUT_RETURN_TYPE = YES_ERROR;
				GCC_WARN_UNDECLARED_SELECTOR = YES;
				GCC_WARN_UNINITIALIZED_AUTOS = YES_AGGRESSIVE;
				GCC_WARN_UNUSED_FUNCTION = YES;
				GCC_WARN_UNUSED_VARIABLE = YES;
				IPHONEOS_DEPLOYMENT_TARGET = 13.2;
				MTL_ENABLE_DEBUG_INFO = NO;
				MTL_FAST_MATH = YES;
				SDKROOT = iphoneos;
				SWIFT_COMPILATION_MODE = wholemodule;
				SWIFT_OPTIMIZATION_LEVEL = "-O";
				VALIDATE_PRODUCT = YES;
			};
			name = Release;
		};
		70892AB923B594A600EEAC94 /* Debug */ = {
			isa = XCBuildConfiguration;
			buildSettings = {
				ASSETCATALOG_COMPILER_APPICON_NAME = AppIcon;
				CODE_SIGN_STYLE = Automatic;
				INFOPLIST_FILE = Parstagram/Info.plist;
				LD_RUNPATH_SEARCH_PATHS = (
					"$(inherited)",
					"@executable_path/Frameworks",
				);
				PRODUCT_BUNDLE_IDENTIFIER = mark.Parstagram;
				PRODUCT_NAME = "$(TARGET_NAME)";
				SWIFT_VERSION = 5.0;
				TARGETED_DEVICE_FAMILY = "1,2";
			};
			name = Debug;
		};
		70892ABA23B594A600EEAC94 /* Release */ = {
			isa = XCBuildConfiguration;
			buildSettings = {
				ASSETCATALOG_COMPILER_APPICON_NAME = AppIcon;
				CODE_SIGN_STYLE = Automatic;
				INFOPLIST_FILE = Parstagram/Info.plist;
				LD_RUNPATH_SEARCH_PATHS = (
					"$(inherited)",
					"@executable_path/Frameworks",
				);
				PRODUCT_BUNDLE_IDENTIFIER = mark.Parstagram;
				PRODUCT_NAME = "$(TARGET_NAME)";
				SWIFT_VERSION = 5.0;
				TARGETED_DEVICE_FAMILY = "1,2";
			};
			name = Release;
		};
		70892ABC23B594A600EEAC94 /* Debug */ = {
			isa = XCBuildConfiguration;
			buildSettings = {
				ALWAYS_EMBED_SWIFT_STANDARD_LIBRARIES = YES;
				BUNDLE_LOADER = "$(TEST_HOST)";
				CODE_SIGN_STYLE = Automatic;
				INFOPLIST_FILE = ParstagramTests/Info.plist;
				IPHONEOS_DEPLOYMENT_TARGET = 13.2;
				LD_RUNPATH_SEARCH_PATHS = (
					"$(inherited)",
					"@executable_path/Frameworks",
					"@loader_path/Frameworks",
				);
				PRODUCT_BUNDLE_IDENTIFIER = mark.ParstagramTests;
				PRODUCT_NAME = "$(TARGET_NAME)";
				SWIFT_VERSION = 5.0;
				TARGETED_DEVICE_FAMILY = "1,2";
				TEST_HOST = "$(BUILT_PRODUCTS_DIR)/Parstagram.app/Parstagram";
			};
			name = Debug;
		};
		70892ABD23B594A600EEAC94 /* Release */ = {
			isa = XCBuildConfiguration;
			buildSettings = {
				ALWAYS_EMBED_SWIFT_STANDARD_LIBRARIES = YES;
				BUNDLE_LOADER = "$(TEST_HOST)";
				CODE_SIGN_STYLE = Automatic;
				INFOPLIST_FILE = ParstagramTests/Info.plist;
				IPHONEOS_DEPLOYMENT_TARGET = 13.2;
				LD_RUNPATH_SEARCH_PATHS = (
					"$(inherited)",
					"@executable_path/Frameworks",
					"@loader_path/Frameworks",
				);
				PRODUCT_BUNDLE_IDENTIFIER = mark.ParstagramTests;
				PRODUCT_NAME = "$(TARGET_NAME)";
				SWIFT_VERSION = 5.0;
				TARGETED_DEVICE_FAMILY = "1,2";
				TEST_HOST = "$(BUILT_PRODUCTS_DIR)/Parstagram.app/Parstagram";
			};
			name = Release;
		};
		70892ABF23B594A600EEAC94 /* Debug */ = {
			isa = XCBuildConfiguration;
			buildSettings = {
				ALWAYS_EMBED_SWIFT_STANDARD_LIBRARIES = YES;
				CODE_SIGN_STYLE = Automatic;
				INFOPLIST_FILE = ParstagramUITests/Info.plist;
				LD_RUNPATH_SEARCH_PATHS = (
					"$(inherited)",
					"@executable_path/Frameworks",
					"@loader_path/Frameworks",
				);
				PRODUCT_BUNDLE_IDENTIFIER = mark.ParstagramUITests;
				PRODUCT_NAME = "$(TARGET_NAME)";
				SWIFT_VERSION = 5.0;
				TARGETED_DEVICE_FAMILY = "1,2";
				TEST_TARGET_NAME = Parstagram;
			};
			name = Debug;
		};
		70892AC023B594A600EEAC94 /* Release */ = {
			isa = XCBuildConfiguration;
			buildSettings = {
				ALWAYS_EMBED_SWIFT_STANDARD_LIBRARIES = YES;
				CODE_SIGN_STYLE = Automatic;
				INFOPLIST_FILE = ParstagramUITests/Info.plist;
				LD_RUNPATH_SEARCH_PATHS = (
					"$(inherited)",
					"@executable_path/Frameworks",
					"@loader_path/Frameworks",
				);
				PRODUCT_BUNDLE_IDENTIFIER = mark.ParstagramUITests;
				PRODUCT_NAME = "$(TARGET_NAME)";
				SWIFT_VERSION = 5.0;
				TARGETED_DEVICE_FAMILY = "1,2";
				TEST_TARGET_NAME = Parstagram;
			};
			name = Release;
		};
/* End XCBuildConfiguration section */

/* Begin XCConfigurationList section */
		70892A8923B5949E00EEAC94 /* Build configuration list for PBXProject "Parstagram" */ = {
			isa = XCConfigurationList;
			buildConfigurations = (
				70892AB623B594A600EEAC94 /* Debug */,
				70892AB723B594A600EEAC94 /* Release */,
			);
			defaultConfigurationIsVisible = 0;
			defaultConfigurationName = Release;
		};
		70892AB823B594A600EEAC94 /* Build configuration list for PBXNativeTarget "Parstagram" */ = {
			isa = XCConfigurationList;
			buildConfigurations = (
				70892AB923B594A600EEAC94 /* Debug */,
				70892ABA23B594A600EEAC94 /* Release */,
			);
			defaultConfigurationIsVisible = 0;
			defaultConfigurationName = Release;
		};
		70892ABB23B594A600EEAC94 /* Build configuration list for PBXNativeTarget "ParstagramTests" */ = {
			isa = XCConfigurationList;
			buildConfigurations = (
				70892ABC23B594A600EEAC94 /* Debug */,
				70892ABD23B594A600EEAC94 /* Release */,
			);
			defaultConfigurationIsVisible = 0;
			defaultConfigurationName = Release;
		};
		70892ABE23B594A600EEAC94 /* Build configuration list for PBXNativeTarget "ParstagramUITests" */ = {
			isa = XCConfigurationList;
			buildConfigurations = (
				70892ABF23B594A600EEAC94 /* Debug */,
				70892AC023B594A600EEAC94 /* Release */,
			);
			defaultConfigurationIsVisible = 0;
			defaultConfigurationName = Release;
		};
/* End XCConfigurationList section */
	};
	rootObject = 70892A8623B5949E00EEAC94 /* Project object */;
}
